// !$*UTF8*$!
{
	archiveVersion = 1;
	classes = {
	};
	objectVersion = 46;
	objects = {

/* Begin PBXBuildFile section */
		837B82221C225C8800EC2FE8 /* MISKVStorage.m in Sources */ = {isa = PBXBuildFile; fileRef = 837B82211C225C8800EC2FE8 /* MISKVStorage.m */; };
		837B822A1C22634800EC2FE8 /* NSString+MISCommon.m in Sources */ = {isa = PBXBuildFile; fileRef = 837B82291C22634800EC2FE8 /* NSString+MISCommon.m */; };
		837B822D1C22645200EC2FE8 /* NSData+MISCommon.m in Sources */ = {isa = PBXBuildFile; fileRef = 837B822C1C22645200EC2FE8 /* NSData+MISCommon.m */; };
		837B82301C22664B00EC2FE8 /* NSNumber+MISCommon.m in Sources */ = {isa = PBXBuildFile; fileRef = 837B822F1C22664B00EC2FE8 /* NSNumber+MISCommon.m */; };
		837B82321C22677400EC2FE8 /* libsqlite3.0.tbd in Frameworks */ = {isa = PBXBuildFile; fileRef = 837B82311C22677400EC2FE8 /* libsqlite3.0.tbd */; };
		837B82341C22682E00EC2FE8 /* libz.1.2.5.tbd in Frameworks */ = {isa = PBXBuildFile; fileRef = 837B82331C22682E00EC2FE8 /* libz.1.2.5.tbd */; };
		83AD4CF41C21551F005784B0 /* MISDiskCache.m in Sources */ = {isa = PBXBuildFile; fileRef = 83AD4CF31C21551F005784B0 /* MISDiskCache.m */; };
		83AD4CF71C21554D005784B0 /* MISMemoryCache.m in Sources */ = {isa = PBXBuildFile; fileRef = 83AD4CF61C21554D005784B0 /* MISMemoryCache.m */; };
		83AD4CFA1C215560005784B0 /* MISCache.m in Sources */ = {isa = PBXBuildFile; fileRef = 83AD4CF91C215560005784B0 /* MISCache.m */; };
		83B837BF1C0EE730006DBCC4 /* Assets.xcassets in Resources */ = {isa = PBXBuildFile; fileRef = 83B837B91C0EE730006DBCC4 /* Assets.xcassets */; };
		83B837C01C0EE730006DBCC4 /* LaunchScreen.storyboard in Resources */ = {isa = PBXBuildFile; fileRef = 83B837BA1C0EE730006DBCC4 /* LaunchScreen.storyboard */; };
		83B837C11C0EE730006DBCC4 /* Main.storyboard in Resources */ = {isa = PBXBuildFile; fileRef = 83B837BC1C0EE730006DBCC4 /* Main.storyboard */; };
		83B837C71C0EE73C006DBCC4 /* AppDelegate.m in Sources */ = {isa = PBXBuildFile; fileRef = 83B837C51C0EE73C006DBCC4 /* AppDelegate.m */; };
		83B837C81C0EE73C006DBCC4 /* main.m in Sources */ = {isa = PBXBuildFile; fileRef = 83B837C61C0EE73C006DBCC4 /* main.m */; };
		83B837CC1C0EE77C006DBCC4 /* ViewController.m in Sources */ = {isa = PBXBuildFile; fileRef = 83B837CB1C0EE77C006DBCC4 /* ViewController.m */; };
		83B837FA1C0EF011006DBCC4 /* MISRequestProxy.m in Sources */ = {isa = PBXBuildFile; fileRef = 83B837F91C0EF011006DBCC4 /* MISRequestProxy.m */; };
		83BE4F3B1C33CD4500221A32 /* MISWeatherApi.m in Sources */ = {isa = PBXBuildFile; fileRef = 83BE4F3A1C33CD4500221A32 /* MISWeatherApi.m */; };
		83BE4F3E1C33D72B00221A32 /* MISDownloadApi.m in Sources */ = {isa = PBXBuildFile; fileRef = 83BE4F3D1C33D72B00221A32 /* MISDownloadApi.m */; };
		83CB0B7A1C1145A6006E71D9 /* MISRequestCache.m in Sources */ = {isa = PBXBuildFile; fileRef = 83CB0B791C1145A6006E71D9 /* MISRequestCache.m */; };
		83CB0B7E1C114948006E71D9 /* MISNetworkUtil.m in Sources */ = {isa = PBXBuildFile; fileRef = 83CB0B7D1C114948006E71D9 /* MISNetworkUtil.m */; };
		83CB0B931C118EE9006E71D9 /* AFHTTPRequestOperation.m in Sources */ = {isa = PBXBuildFile; fileRef = 83CB0B811C118EE9006E71D9 /* AFHTTPRequestOperation.m */; };
		83CB0B941C118EE9006E71D9 /* AFHTTPRequestOperationManager.m in Sources */ = {isa = PBXBuildFile; fileRef = 83CB0B831C118EE9006E71D9 /* AFHTTPRequestOperationManager.m */; };
		83CB0B951C118EE9006E71D9 /* AFHTTPSessionManager.m in Sources */ = {isa = PBXBuildFile; fileRef = 83CB0B851C118EE9006E71D9 /* AFHTTPSessionManager.m */; };
		83CB0B961C118EE9006E71D9 /* AFNetworkReachabilityManager.m in Sources */ = {isa = PBXBuildFile; fileRef = 83CB0B881C118EE9006E71D9 /* AFNetworkReachabilityManager.m */; };
		83CB0B971C118EE9006E71D9 /* AFSecurityPolicy.m in Sources */ = {isa = PBXBuildFile; fileRef = 83CB0B8A1C118EE9006E71D9 /* AFSecurityPolicy.m */; };
		83CB0B981C118EE9006E71D9 /* AFURLConnectionOperation.m in Sources */ = {isa = PBXBuildFile; fileRef = 83CB0B8C1C118EE9006E71D9 /* AFURLConnectionOperation.m */; };
		83CB0B991C118EE9006E71D9 /* AFURLRequestSerialization.m in Sources */ = {isa = PBXBuildFile; fileRef = 83CB0B8E1C118EE9006E71D9 /* AFURLRequestSerialization.m */; };
		83CB0B9A1C118EE9006E71D9 /* AFURLResponseSerialization.m in Sources */ = {isa = PBXBuildFile; fileRef = 83CB0B901C118EE9006E71D9 /* AFURLResponseSerialization.m */; };
		83CB0B9B1C118EE9006E71D9 /* AFURLSessionManager.m in Sources */ = {isa = PBXBuildFile; fileRef = 83CB0B921C118EE9006E71D9 /* AFURLSessionManager.m */; };
		83F24FD11C0FD75300AD53DD /* Info.plist in Resources */ = {isa = PBXBuildFile; fileRef = 83F24FD01C0FD75300AD53DD /* Info.plist */; };
		83F24FD41C0FDCE700AD53DD /* MISBaseRequest.m in Sources */ = {isa = PBXBuildFile; fileRef = 83F24FD31C0FDCE700AD53DD /* MISBaseRequest.m */; };
		83F24FD71C0FEBCE00AD53DD /* MISAppContext.m in Sources */ = {isa = PBXBuildFile; fileRef = 83F24FD61C0FEBCE00AD53DD /* MISAppContext.m */; };
		83F24FDB1C10067C00AD53DD /* MISRequestGenerator.m in Sources */ = {isa = PBXBuildFile; fileRef = 83F24FDA1C10067C00AD53DD /* MISRequestGenerator.m */; };
		83F24FDE1C10120300AD53DD /* MISRequestParamsGenerator.m in Sources */ = {isa = PBXBuildFile; fileRef = 83F24FDD1C10120300AD53DD /* MISRequestParamsGenerator.m */; };
		83F24FE11C1014B700AD53DD /* MISRequestUrlGenerator.m in Sources */ = {isa = PBXBuildFile; fileRef = 83F24FE01C1014B700AD53DD /* MISRequestUrlGenerator.m */; };
		83F24FE81C102B7100AD53DD /* MISNetworkLogger.m in Sources */ = {isa = PBXBuildFile; fileRef = 83F24FE71C102B7100AD53DD /* MISNetworkLogger.m */; };
		83F24FEB1C1037FF00AD53DD /* MISResponse.m in Sources */ = {isa = PBXBuildFile; fileRef = 83F24FEA1C1037FF00AD53DD /* MISResponse.m */; };
/* End PBXBuildFile section */

/* Begin PBXFileReference section */
		837B82201C225C8800EC2FE8 /* MISKVStorage.h */ = {isa = PBXFileReference; fileEncoding = 4; lastKnownFileType = sourcecode.c.h; name = MISKVStorage.h; path = Cache/MISKVStorage.h; sourceTree = "<group>"; };
		837B82211C225C8800EC2FE8 /* MISKVStorage.m */ = {isa = PBXFileReference; fileEncoding = 4; lastKnownFileType = sourcecode.c.objc; name = MISKVStorage.m; path = Cache/MISKVStorage.m; sourceTree = "<group>"; };
		837B82281C22634800EC2FE8 /* NSString+MISCommon.h */ = {isa = PBXFileReference; fileEncoding = 4; lastKnownFileType = sourcecode.c.h; path = "NSString+MISCommon.h"; sourceTree = "<group>"; };
		837B82291C22634800EC2FE8 /* NSString+MISCommon.m */ = {isa = PBXFileReference; fileEncoding = 4; lastKnownFileType = sourcecode.c.objc; path = "NSString+MISCommon.m"; sourceTree = "<group>"; };
		837B822B1C22645200EC2FE8 /* NSData+MISCommon.h */ = {isa = PBXFileReference; fileEncoding = 4; lastKnownFileType = sourcecode.c.h; path = "NSData+MISCommon.h"; sourceTree = "<group>"; };
		837B822C1C22645200EC2FE8 /* NSData+MISCommon.m */ = {isa = PBXFileReference; fileEncoding = 4; lastKnownFileType = sourcecode.c.objc; path = "NSData+MISCommon.m"; sourceTree = "<group>"; };
		837B822E1C22664B00EC2FE8 /* NSNumber+MISCommon.h */ = {isa = PBXFileReference; fileEncoding = 4; lastKnownFileType = sourcecode.c.h; path = "NSNumber+MISCommon.h"; sourceTree = "<group>"; };
		837B822F1C22664B00EC2FE8 /* NSNumber+MISCommon.m */ = {isa = PBXFileReference; fileEncoding = 4; lastKnownFileType = sourcecode.c.objc; path = "NSNumber+MISCommon.m"; sourceTree = "<group>"; };
		837B82311C22677400EC2FE8 /* libsqlite3.0.tbd */ = {isa = PBXFileReference; lastKnownFileType = "sourcecode.text-based-dylib-definition"; name = libsqlite3.0.tbd; path = usr/lib/libsqlite3.0.tbd; sourceTree = SDKROOT; };
		837B82331C22682E00EC2FE8 /* libz.1.2.5.tbd */ = {isa = PBXFileReference; lastKnownFileType = "sourcecode.text-based-dylib-definition"; name = libz.1.2.5.tbd; path = usr/lib/libz.1.2.5.tbd; sourceTree = SDKROOT; };
		83AD4CF21C21551F005784B0 /* MISDiskCache.h */ = {isa = PBXFileReference; fileEncoding = 4; lastKnownFileType = sourcecode.c.h; name = MISDiskCache.h; path = Cache/MISDiskCache.h; sourceTree = "<group>"; };
		83AD4CF31C21551F005784B0 /* MISDiskCache.m */ = {isa = PBXFileReference; fileEncoding = 4; lastKnownFileType = sourcecode.c.objc; name = MISDiskCache.m; path = Cache/MISDiskCache.m; sourceTree = "<group>"; };
		83AD4CF51C21554D005784B0 /* MISMemoryCache.h */ = {isa = PBXFileReference; fileEncoding = 4; lastKnownFileType = sourcecode.c.h; name = MISMemoryCache.h; path = Cache/MISMemoryCache.h; sourceTree = "<group>"; };
		83AD4CF61C21554D005784B0 /* MISMemoryCache.m */ = {isa = PBXFileReference; fileEncoding = 4; lastKnownFileType = sourcecode.c.objc; name = MISMemoryCache.m; path = Cache/MISMemoryCache.m; sourceTree = "<group>"; };
		83AD4CF81C215560005784B0 /* MISCache.h */ = {isa = PBXFileReference; fileEncoding = 4; lastKnownFileType = sourcecode.c.h; name = MISCache.h; path = Cache/MISCache.h; sourceTree = "<group>"; };
		83AD4CF91C215560005784B0 /* MISCache.m */ = {isa = PBXFileReference; fileEncoding = 4; lastKnownFileType = sourcecode.c.objc; name = MISCache.m; path = Cache/MISCache.m; sourceTree = "<group>"; };
		83B8379E1C0EE684006DBCC4 /* MISNetwork.app */ = {isa = PBXFileReference; explicitFileType = wrapper.application; includeInIndex = 0; path = MISNetwork.app; sourceTree = BUILT_PRODUCTS_DIR; };
		83B837B91C0EE730006DBCC4 /* Assets.xcassets */ = {isa = PBXFileReference; lastKnownFileType = folder.assetcatalog; path = Assets.xcassets; sourceTree = "<group>"; };
		83B837BB1C0EE730006DBCC4 /* Base */ = {isa = PBXFileReference; lastKnownFileType = file.storyboard; name = Base; path = Base.lproj/LaunchScreen.storyboard; sourceTree = "<group>"; };
		83B837BD1C0EE730006DBCC4 /* Base */ = {isa = PBXFileReference; lastKnownFileType = file.storyboard; name = Base; path = Base.lproj/Main.storyboard; sourceTree = "<group>"; };
		83B837C41C0EE73C006DBCC4 /* AppDelegate.h */ = {isa = PBXFileReference; fileEncoding = 4; lastKnownFileType = sourcecode.c.h; path = AppDelegate.h; sourceTree = "<group>"; };
		83B837C51C0EE73C006DBCC4 /* AppDelegate.m */ = {isa = PBXFileReference; fileEncoding = 4; lastKnownFileType = sourcecode.c.objc; path = AppDelegate.m; sourceTree = "<group>"; };
		83B837C61C0EE73C006DBCC4 /* main.m */ = {isa = PBXFileReference; fileEncoding = 4; lastKnownFileType = sourcecode.c.objc; path = main.m; sourceTree = "<group>"; };
		83B837CA1C0EE77C006DBCC4 /* ViewController.h */ = {isa = PBXFileReference; fileEncoding = 4; lastKnownFileType = sourcecode.c.h; path = ViewController.h; sourceTree = "<group>"; };
		83B837CB1C0EE77C006DBCC4 /* ViewController.m */ = {isa = PBXFileReference; fileEncoding = 4; lastKnownFileType = sourcecode.c.objc; path = ViewController.m; sourceTree = "<group>"; };
		83B837CE1C0EE7F7006DBCC4 /* MISNetwork.h */ = {isa = PBXFileReference; lastKnownFileType = sourcecode.c.h; path = MISNetwork.h; sourceTree = "<group>"; };
		83B837CF1C0EE862006DBCC4 /* MISNetworkConfig.h */ = {isa = PBXFileReference; lastKnownFileType = sourcecode.c.h; path = MISNetworkConfig.h; sourceTree = "<group>"; };
		83B837F81C0EF011006DBCC4 /* MISRequestProxy.h */ = {isa = PBXFileReference; fileEncoding = 4; lastKnownFileType = sourcecode.c.h; path = MISRequestProxy.h; sourceTree = "<group>"; };
		83B837F91C0EF011006DBCC4 /* MISRequestProxy.m */ = {isa = PBXFileReference; fileEncoding = 4; lastKnownFileType = sourcecode.c.objc; path = MISRequestProxy.m; sourceTree = "<group>"; };
		83BE4F391C33CD4500221A32 /* MISWeatherApi.h */ = {isa = PBXFileReference; fileEncoding = 4; lastKnownFileType = sourcecode.c.h; name = MISWeatherApi.h; path = Apis/MISWeatherApi.h; sourceTree = "<group>"; };
		83BE4F3A1C33CD4500221A32 /* MISWeatherApi.m */ = {isa = PBXFileReference; fileEncoding = 4; lastKnownFileType = sourcecode.c.objc; name = MISWeatherApi.m; path = Apis/MISWeatherApi.m; sourceTree = "<group>"; };
		83BE4F3C1C33D72B00221A32 /* MISDownloadApi.h */ = {isa = PBXFileReference; fileEncoding = 4; lastKnownFileType = sourcecode.c.h; name = MISDownloadApi.h; path = Apis/MISDownloadApi.h; sourceTree = "<group>"; };
		83BE4F3D1C33D72B00221A32 /* MISDownloadApi.m */ = {isa = PBXFileReference; fileEncoding = 4; lastKnownFileType = sourcecode.c.objc; name = MISDownloadApi.m; path = Apis/MISDownloadApi.m; sourceTree = "<group>"; };
		83CB0B781C1145A6006E71D9 /* MISRequestCache.h */ = {isa = PBXFileReference; fileEncoding = 4; lastKnownFileType = sourcecode.c.h; path = MISRequestCache.h; sourceTree = "<group>"; };
		83CB0B791C1145A6006E71D9 /* MISRequestCache.m */ = {isa = PBXFileReference; fileEncoding = 4; lastKnownFileType = sourcecode.c.objc; path = MISRequestCache.m; sourceTree = "<group>"; };
		83CB0B7C1C114948006E71D9 /* MISNetworkUtil.h */ = {isa = PBXFileReference; fileEncoding = 4; lastKnownFileType = sourcecode.c.h; name = MISNetworkUtil.h; path = Utils/MISNetworkUtil.h; sourceTree = "<group>"; };
		83CB0B7D1C114948006E71D9 /* MISNetworkUtil.m */ = {isa = PBXFileReference; fileEncoding = 4; lastKnownFileType = sourcecode.c.objc; name = MISNetworkUtil.m; path = Utils/MISNetworkUtil.m; sourceTree = "<group>"; };
		83CB0B801C118EE9006E71D9 /* AFHTTPRequestOperation.h */ = {isa = PBXFileReference; fileEncoding = 4; lastKnownFileType = sourcecode.c.h; path = AFHTTPRequestOperation.h; sourceTree = "<group>"; };
		83CB0B811C118EE9006E71D9 /* AFHTTPRequestOperation.m */ = {isa = PBXFileReference; fileEncoding = 4; lastKnownFileType = sourcecode.c.objc; path = AFHTTPRequestOperation.m; sourceTree = "<group>"; };
		83CB0B821C118EE9006E71D9 /* AFHTTPRequestOperationManager.h */ = {isa = PBXFileReference; fileEncoding = 4; lastKnownFileType = sourcecode.c.h; path = AFHTTPRequestOperationManager.h; sourceTree = "<group>"; };
		83CB0B831C118EE9006E71D9 /* AFHTTPRequestOperationManager.m */ = {isa = PBXFileReference; fileEncoding = 4; lastKnownFileType = sourcecode.c.objc; path = AFHTTPRequestOperationManager.m; sourceTree = "<group>"; };
		83CB0B841C118EE9006E71D9 /* AFHTTPSessionManager.h */ = {isa = PBXFileReference; fileEncoding = 4; lastKnownFileType = sourcecode.c.h; path = AFHTTPSessionManager.h; sourceTree = "<group>"; };
		83CB0B851C118EE9006E71D9 /* AFHTTPSessionManager.m */ = {isa = PBXFileReference; fileEncoding = 4; lastKnownFileType = sourcecode.c.objc; path = AFHTTPSessionManager.m; sourceTree = "<group>"; };
		83CB0B861C118EE9006E71D9 /* AFNetworking.h */ = {isa = PBXFileReference; fileEncoding = 4; lastKnownFileType = sourcecode.c.h; path = AFNetworking.h; sourceTree = "<group>"; };
		83CB0B871C118EE9006E71D9 /* AFNetworkReachabilityManager.h */ = {isa = PBXFileReference; fileEncoding = 4; lastKnownFileType = sourcecode.c.h; path = AFNetworkReachabilityManager.h; sourceTree = "<group>"; };
		83CB0B881C118EE9006E71D9 /* AFNetworkReachabilityManager.m */ = {isa = PBXFileReference; fileEncoding = 4; lastKnownFileType = sourcecode.c.objc; path = AFNetworkReachabilityManager.m; sourceTree = "<group>"; };
		83CB0B891C118EE9006E71D9 /* AFSecurityPolicy.h */ = {isa = PBXFileReference; fileEncoding = 4; lastKnownFileType = sourcecode.c.h; path = AFSecurityPolicy.h; sourceTree = "<group>"; };
		83CB0B8A1C118EE9006E71D9 /* AFSecurityPolicy.m */ = {isa = PBXFileReference; fileEncoding = 4; lastKnownFileType = sourcecode.c.objc; path = AFSecurityPolicy.m; sourceTree = "<group>"; };
		83CB0B8B1C118EE9006E71D9 /* AFURLConnectionOperation.h */ = {isa = PBXFileReference; fileEncoding = 4; lastKnownFileType = sourcecode.c.h; path = AFURLConnectionOperation.h; sourceTree = "<group>"; };
		83CB0B8C1C118EE9006E71D9 /* AFURLConnectionOperation.m */ = {isa = PBXFileReference; fileEncoding = 4; lastKnownFileType = sourcecode.c.objc; path = AFURLConnectionOperation.m; sourceTree = "<group>"; };
		83CB0B8D1C118EE9006E71D9 /* AFURLRequestSerialization.h */ = {isa = PBXFileReference; fileEncoding = 4; lastKnownFileType = sourcecode.c.h; path = AFURLRequestSerialization.h; sourceTree = "<group>"; };
		83CB0B8E1C118EE9006E71D9 /* AFURLRequestSerialization.m */ = {isa = PBXFileReference; fileEncoding = 4; lastKnownFileType = sourcecode.c.objc; path = AFURLRequestSerialization.m; sourceTree = "<group>"; };
		83CB0B8F1C118EE9006E71D9 /* AFURLResponseSerialization.h */ = {isa = PBXFileReference; fileEncoding = 4; lastKnownFileType = sourcecode.c.h; path = AFURLResponseSerialization.h; sourceTree = "<group>"; };
		83CB0B901C118EE9006E71D9 /* AFURLResponseSerialization.m */ = {isa = PBXFileReference; fileEncoding = 4; lastKnownFileType = sourcecode.c.objc; path = AFURLResponseSerialization.m; sourceTree = "<group>"; };
		83CB0B911C118EE9006E71D9 /* AFURLSessionManager.h */ = {isa = PBXFileReference; fileEncoding = 4; lastKnownFileType = sourcecode.c.h; path = AFURLSessionManager.h; sourceTree = "<group>"; };
		83CB0B921C118EE9006E71D9 /* AFURLSessionManager.m */ = {isa = PBXFileReference; fileEncoding = 4; lastKnownFileType = sourcecode.c.objc; path = AFURLSessionManager.m; sourceTree = "<group>"; };
		83F24FD01C0FD75300AD53DD /* Info.plist */ = {isa = PBXFileReference; fileEncoding = 4; lastKnownFileType = text.plist.xml; path = Info.plist; sourceTree = "<group>"; };
		83F24FD21C0FDCE700AD53DD /* MISBaseRequest.h */ = {isa = PBXFileReference; fileEncoding = 4; lastKnownFileType = sourcecode.c.h; path = MISBaseRequest.h; sourceTree = "<group>"; };
		83F24FD31C0FDCE700AD53DD /* MISBaseRequest.m */ = {isa = PBXFileReference; fileEncoding = 4; lastKnownFileType = sourcecode.c.objc; path = MISBaseRequest.m; sourceTree = "<group>"; };
		83F24FD51C0FEBCE00AD53DD /* MISAppContext.h */ = {isa = PBXFileReference; fileEncoding = 4; lastKnownFileType = sourcecode.c.h; path = MISAppContext.h; sourceTree = "<group>"; };
		83F24FD61C0FEBCE00AD53DD /* MISAppContext.m */ = {isa = PBXFileReference; fileEncoding = 4; lastKnownFileType = sourcecode.c.objc; path = MISAppContext.m; sourceTree = "<group>"; };
		83F24FD91C10067C00AD53DD /* MISRequestGenerator.h */ = {isa = PBXFileReference; fileEncoding = 4; lastKnownFileType = sourcecode.c.h; name = MISRequestGenerator.h; path = Generators/MISRequestGenerator.h; sourceTree = "<group>"; };
		83F24FDA1C10067C00AD53DD /* MISRequestGenerator.m */ = {isa = PBXFileReference; fileEncoding = 4; lastKnownFileType = sourcecode.c.objc; name = MISRequestGenerator.m; path = Generators/MISRequestGenerator.m; sourceTree = "<group>"; };
		83F24FDC1C10120300AD53DD /* MISRequestParamsGenerator.h */ = {isa = PBXFileReference; fileEncoding = 4; lastKnownFileType = sourcecode.c.h; name = MISRequestParamsGenerator.h; path = Generators/MISRequestParamsGenerator.h; sourceTree = "<group>"; };
		83F24FDD1C10120300AD53DD /* MISRequestParamsGenerator.m */ = {isa = PBXFileReference; fileEncoding = 4; lastKnownFileType = sourcecode.c.objc; name = MISRequestParamsGenerator.m; path = Generators/MISRequestParamsGenerator.m; sourceTree = "<group>"; };
		83F24FDF1C1014B700AD53DD /* MISRequestUrlGenerator.h */ = {isa = PBXFileReference; fileEncoding = 4; lastKnownFileType = sourcecode.c.h; name = MISRequestUrlGenerator.h; path = Generators/MISRequestUrlGenerator.h; sourceTree = "<group>"; };
		83F24FE01C1014B700AD53DD /* MISRequestUrlGenerator.m */ = {isa = PBXFileReference; fileEncoding = 4; lastKnownFileType = sourcecode.c.objc; name = MISRequestUrlGenerator.m; path = Generators/MISRequestUrlGenerator.m; sourceTree = "<group>"; };
		83F24FE61C102B7100AD53DD /* MISNetworkLogger.h */ = {isa = PBXFileReference; fileEncoding = 4; lastKnownFileType = sourcecode.c.h; path = MISNetworkLogger.h; sourceTree = "<group>"; };
		83F24FE71C102B7100AD53DD /* MISNetworkLogger.m */ = {isa = PBXFileReference; fileEncoding = 4; lastKnownFileType = sourcecode.c.objc; path = MISNetworkLogger.m; sourceTree = "<group>"; };
		83F24FE91C1037FF00AD53DD /* MISResponse.h */ = {isa = PBXFileReference; fileEncoding = 4; lastKnownFileType = sourcecode.c.h; path = MISResponse.h; sourceTree = "<group>"; };
		83F24FEA1C1037FF00AD53DD /* MISResponse.m */ = {isa = PBXFileReference; fileEncoding = 4; lastKnownFileType = sourcecode.c.objc; path = MISResponse.m; sourceTree = "<group>"; };
/* End PBXFileReference section */

/* Begin PBXFrameworksBuildPhase section */
		83B8379B1C0EE684006DBCC4 /* Frameworks */ = {
			isa = PBXFrameworksBuildPhase;
			buildActionMask = 2147483647;
			files = (
				837B82341C22682E00EC2FE8 /* libz.1.2.5.tbd in Frameworks */,
				837B82321C22677400EC2FE8 /* libsqlite3.0.tbd in Frameworks */,
			);
			runOnlyForDeploymentPostprocessing = 0;
		};
/* End PBXFrameworksBuildPhase section */

/* Begin PBXGroup section */
		837B82271C22634800EC2FE8 /* Categories */ = {
			isa = PBXGroup;
			children = (
				837B82281C22634800EC2FE8 /* NSString+MISCommon.h */,
				837B82291C22634800EC2FE8 /* NSString+MISCommon.m */,
				837B822B1C22645200EC2FE8 /* NSData+MISCommon.h */,
				837B822C1C22645200EC2FE8 /* NSData+MISCommon.m */,
				837B822E1C22664B00EC2FE8 /* NSNumber+MISCommon.h */,
				837B822F1C22664B00EC2FE8 /* NSNumber+MISCommon.m */,
			);
			path = Categories;
			sourceTree = "<group>";
		};
		83AD4CF11C2154E5005784B0 /* Cache */ = {
			isa = PBXGroup;
			children = (
				83AD4CF21C21551F005784B0 /* MISDiskCache.h */,
				83AD4CF31C21551F005784B0 /* MISDiskCache.m */,
				83AD4CF51C21554D005784B0 /* MISMemoryCache.h */,
				83AD4CF61C21554D005784B0 /* MISMemoryCache.m */,
				83AD4CF81C215560005784B0 /* MISCache.h */,
				83AD4CF91C215560005784B0 /* MISCache.m */,
				837B82201C225C8800EC2FE8 /* MISKVStorage.h */,
				837B82211C225C8800EC2FE8 /* MISKVStorage.m */,
			);
			name = Cache;
			sourceTree = "<group>";
		};
		83B837951C0EE684006DBCC4 = {
			isa = PBXGroup;
			children = (
				83CB0B7F1C118EE9006E71D9 /* AFNetworking */,
				83B837A01C0EE684006DBCC4 /* MISNetwork */,
				83B8379F1C0EE684006DBCC4 /* Products */,
			);
			sourceTree = "<group>";
		};
		83B8379F1C0EE684006DBCC4 /* Products */ = {
			isa = PBXGroup;
			children = (
				83B8379E1C0EE684006DBCC4 /* MISNetwork.app */,
			);
			name = Products;
			sourceTree = "<group>";
		};
		83B837A01C0EE684006DBCC4 /* MISNetwork */ = {
			isa = PBXGroup;
			children = (
				83BE4F381C33CD1D00221A32 /* Apis */,
				83B837CD1C0EE7D0006DBCC4 /* MISNetwork */,
				83B837C91C0EE77C006DBCC4 /* ViewControllers */,
				83B837C31C0EE73C006DBCC4 /* Globals */,
				83B837B81C0EE730006DBCC4 /* Resoueces */,
				83B837A11C0EE684006DBCC4 /* Supporting Files */,
			);
			path = MISNetwork;
			sourceTree = "<group>";
		};
		83B837A11C0EE684006DBCC4 /* Supporting Files */ = {
			isa = PBXGroup;
			children = (
				837B82331C22682E00EC2FE8 /* libz.1.2.5.tbd */,
				837B82311C22677400EC2FE8 /* libsqlite3.0.tbd */,
				83F24FD01C0FD75300AD53DD /* Info.plist */,
			);
			name = "Supporting Files";
			sourceTree = "<group>";
		};
		83B837B81C0EE730006DBCC4 /* Resoueces */ = {
			isa = PBXGroup;
			children = (
				83B837B91C0EE730006DBCC4 /* Assets.xcassets */,
				83B837BA1C0EE730006DBCC4 /* LaunchScreen.storyboard */,
				83B837BC1C0EE730006DBCC4 /* Main.storyboard */,
			);
			path = Resoueces;
			sourceTree = "<group>";
		};
		83B837C31C0EE73C006DBCC4 /* Globals */ = {
			isa = PBXGroup;
			children = (
				83B837C41C0EE73C006DBCC4 /* AppDelegate.h */,
				83B837C51C0EE73C006DBCC4 /* AppDelegate.m */,
				83B837C61C0EE73C006DBCC4 /* main.m */,
			);
			path = Globals;
			sourceTree = "<group>";
		};
		83B837C91C0EE77C006DBCC4 /* ViewControllers */ = {
			isa = PBXGroup;
			children = (
				83B837CA1C0EE77C006DBCC4 /* ViewController.h */,
				83B837CB1C0EE77C006DBCC4 /* ViewController.m */,
			);
			path = ViewControllers;
			sourceTree = "<group>";
		};
		83B837CD1C0EE7D0006DBCC4 /* MISNetwork */ = {
			isa = PBXGroup;
			children = (
				837B82271C22634800EC2FE8 /* Categories */,
				83CB0B7B1C114925006E71D9 /* Utils */,
				83F24FD81C10065600AD53DD /* Generators */,
				83B837D01C0EEB1C006DBCC4 /* Components */,
				83B837CE1C0EE7F7006DBCC4 /* MISNetwork.h */,
				83B837CF1C0EE862006DBCC4 /* MISNetworkConfig.h */,
			);
			path = MISNetwork;
			sourceTree = "<group>";
		};
		83B837D01C0EEB1C006DBCC4 /* Components */ = {
			isa = PBXGroup;
			children = (
				83AD4CF11C2154E5005784B0 /* Cache */,
				83B837F81C0EF011006DBCC4 /* MISRequestProxy.h */,
				83B837F91C0EF011006DBCC4 /* MISRequestProxy.m */,
				83F24FD21C0FDCE700AD53DD /* MISBaseRequest.h */,
				83F24FD31C0FDCE700AD53DD /* MISBaseRequest.m */,
				83F24FD51C0FEBCE00AD53DD /* MISAppContext.h */,
				83F24FD61C0FEBCE00AD53DD /* MISAppContext.m */,
				83F24FE61C102B7100AD53DD /* MISNetworkLogger.h */,
				83F24FE71C102B7100AD53DD /* MISNetworkLogger.m */,
				83F24FE91C1037FF00AD53DD /* MISResponse.h */,
				83F24FEA1C1037FF00AD53DD /* MISResponse.m */,
				83CB0B781C1145A6006E71D9 /* MISRequestCache.h */,
				83CB0B791C1145A6006E71D9 /* MISRequestCache.m */,
			);
			path = Components;
			sourceTree = "<group>";
		};
		83BE4F381C33CD1D00221A32 /* Apis */ = {
			isa = PBXGroup;
			children = (
				83BE4F391C33CD4500221A32 /* MISWeatherApi.h */,
				83BE4F3A1C33CD4500221A32 /* MISWeatherApi.m */,
				83BE4F3C1C33D72B00221A32 /* MISDownloadApi.h */,
				83BE4F3D1C33D72B00221A32 /* MISDownloadApi.m */,
			);
			name = Apis;
			sourceTree = "<group>";
		};
		83CB0B7B1C114925006E71D9 /* Utils */ = {
			isa = PBXGroup;
			children = (
				83CB0B7C1C114948006E71D9 /* MISNetworkUtil.h */,
				83CB0B7D1C114948006E71D9 /* MISNetworkUtil.m */,
			);
			name = Utils;
			sourceTree = "<group>";
		};
		83CB0B7F1C118EE9006E71D9 /* AFNetworking */ = {
			isa = PBXGroup;
			children = (
				83CB0B801C118EE9006E71D9 /* AFHTTPRequestOperation.h */,
				83CB0B811C118EE9006E71D9 /* AFHTTPRequestOperation.m */,
				83CB0B821C118EE9006E71D9 /* AFHTTPRequestOperationManager.h */,
				83CB0B831C118EE9006E71D9 /* AFHTTPRequestOperationManager.m */,
				83CB0B841C118EE9006E71D9 /* AFHTTPSessionManager.h */,
				83CB0B851C118EE9006E71D9 /* AFHTTPSessionManager.m */,
				83CB0B861C118EE9006E71D9 /* AFNetworking.h */,
				83CB0B871C118EE9006E71D9 /* AFNetworkReachabilityManager.h */,
				83CB0B881C118EE9006E71D9 /* AFNetworkReachabilityManager.m */,
				83CB0B891C118EE9006E71D9 /* AFSecurityPolicy.h */,
				83CB0B8A1C118EE9006E71D9 /* AFSecurityPolicy.m */,
				83CB0B8B1C118EE9006E71D9 /* AFURLConnectionOperation.h */,
				83CB0B8C1C118EE9006E71D9 /* AFURLConnectionOperation.m */,
				83CB0B8D1C118EE9006E71D9 /* AFURLRequestSerialization.h */,
				83CB0B8E1C118EE9006E71D9 /* AFURLRequestSerialization.m */,
				83CB0B8F1C118EE9006E71D9 /* AFURLResponseSerialization.h */,
				83CB0B901C118EE9006E71D9 /* AFURLResponseSerialization.m */,
				83CB0B911C118EE9006E71D9 /* AFURLSessionManager.h */,
				83CB0B921C118EE9006E71D9 /* AFURLSessionManager.m */,
			);
			path = AFNetworking;
			sourceTree = "<group>";
		};
		83F24FD81C10065600AD53DD /* Generators */ = {
			isa = PBXGroup;
			children = (
				83F24FD91C10067C00AD53DD /* MISRequestGenerator.h */,
				83F24FDA1C10067C00AD53DD /* MISRequestGenerator.m */,
				83F24FDC1C10120300AD53DD /* MISRequestParamsGenerator.h */,
				83F24FDD1C10120300AD53DD /* MISRequestParamsGenerator.m */,
				83F24FDF1C1014B700AD53DD /* MISRequestUrlGenerator.h */,
				83F24FE01C1014B700AD53DD /* MISRequestUrlGenerator.m */,
			);
			name = Generators;
			sourceTree = "<group>";
		};
/* End PBXGroup section */

/* Begin PBXNativeTarget section */
		83B8379D1C0EE684006DBCC4 /* MISNetwork */ = {
			isa = PBXNativeTarget;
			buildConfigurationList = 83B837B51C0EE684006DBCC4 /* Build configuration list for PBXNativeTarget "MISNetwork" */;
			buildPhases = (
				83B8379A1C0EE684006DBCC4 /* Sources */,
				83B8379B1C0EE684006DBCC4 /* Frameworks */,
				83B8379C1C0EE684006DBCC4 /* Resources */,
			);
			buildRules = (
			);
			dependencies = (
			);
			name = MISNetwork;
			productName = MISNetwork;
			productReference = 83B8379E1C0EE684006DBCC4 /* MISNetwork.app */;
			productType = "com.apple.product-type.application";
		};
/* End PBXNativeTarget section */

/* Begin PBXProject section */
		83B837961C0EE684006DBCC4 /* Project object */ = {
			isa = PBXProject;
			attributes = {
				LastUpgradeCheck = 0710;
				ORGANIZATIONNAME = changmin;
				TargetAttributes = {
					83B8379D1C0EE684006DBCC4 = {
						CreatedOnToolsVersion = 7.1.1;
						DevelopmentTeam = FULRDUDR5M;
					};
				};
			};
			buildConfigurationList = 83B837991C0EE684006DBCC4 /* Build configuration list for PBXProject "MISNetwork" */;
			compatibilityVersion = "Xcode 3.2";
			developmentRegion = English;
			hasScannedForEncodings = 0;
			knownRegions = (
				en,
				Base,
			);
			mainGroup = 83B837951C0EE684006DBCC4;
			productRefGroup = 83B8379F1C0EE684006DBCC4 /* Products */;
			projectDirPath = "";
			projectRoot = "";
			targets = (
				83B8379D1C0EE684006DBCC4 /* MISNetwork */,
			);
		};
/* End PBXProject section */

/* Begin PBXResourcesBuildPhase section */
		83B8379C1C0EE684006DBCC4 /* Resources */ = {
			isa = PBXResourcesBuildPhase;
			buildActionMask = 2147483647;
			files = (
				83F24FD11C0FD75300AD53DD /* Info.plist in Resources */,
				83B837BF1C0EE730006DBCC4 /* Assets.xcassets in Resources */,
				83B837C11C0EE730006DBCC4 /* Main.storyboard in Resources */,
				83B837C01C0EE730006DBCC4 /* LaunchScreen.storyboard in Resources */,
			);
			runOnlyForDeploymentPostprocessing = 0;
		};
/* End PBXResourcesBuildPhase section */

/* Begin PBXSourcesBuildPhase section */
		83B8379A1C0EE684006DBCC4 /* Sources */ = {
			isa = PBXSourcesBuildPhase;
			buildActionMask = 2147483647;
			files = (
				83B837FA1C0EF011006DBCC4 /* MISRequestProxy.m in Sources */,
				83B837C81C0EE73C006DBCC4 /* main.m in Sources */,
				83CB0B941C118EE9006E71D9 /* AFHTTPRequestOperationManager.m in Sources */,
				83F24FDE1C10120300AD53DD /* MISRequestParamsGenerator.m in Sources */,
				83CB0B981C118EE9006E71D9 /* AFURLConnectionOperation.m in Sources */,
				83B837C71C0EE73C006DBCC4 /* AppDelegate.m in Sources */,
				83F24FEB1C1037FF00AD53DD /* MISResponse.m in Sources */,
				83CB0B991C118EE9006E71D9 /* AFURLRequestSerialization.m in Sources */,
				837B822A1C22634800EC2FE8 /* NSString+MISCommon.m in Sources */,
				83BE4F3E1C33D72B00221A32 /* MISDownloadApi.m in Sources */,
				83F24FD71C0FEBCE00AD53DD /* MISAppContext.m in Sources */,
				83AD4CF71C21554D005784B0 /* MISMemoryCache.m in Sources */,
				837B82221C225C8800EC2FE8 /* MISKVStorage.m in Sources */,
				83CB0B951C118EE9006E71D9 /* AFHTTPSessionManager.m in Sources */,
				83CB0B931C118EE9006E71D9 /* AFHTTPRequestOperation.m in Sources */,
				83F24FDB1C10067C00AD53DD /* MISRequestGenerator.m in Sources */,
				83CB0B971C118EE9006E71D9 /* AFSecurityPolicy.m in Sources */,
				837B82301C22664B00EC2FE8 /* NSNumber+MISCommon.m in Sources */,
				83CB0B7E1C114948006E71D9 /* MISNetworkUtil.m in Sources */,
				83CB0B961C118EE9006E71D9 /* AFNetworkReachabilityManager.m in Sources */,
				83BE4F3B1C33CD4500221A32 /* MISWeatherApi.m in Sources */,
				83CB0B9B1C118EE9006E71D9 /* AFURLSessionManager.m in Sources */,
				83F24FE11C1014B700AD53DD /* MISRequestUrlGenerator.m in Sources */,
				83F24FE81C102B7100AD53DD /* MISNetworkLogger.m in Sources */,
				837B822D1C22645200EC2FE8 /* NSData+MISCommon.m in Sources */,
				83CB0B7A1C1145A6006E71D9 /* MISRequestCache.m in Sources */,
				83AD4CF41C21551F005784B0 /* MISDiskCache.m in Sources */,
				83F24FD41C0FDCE700AD53DD /* MISBaseRequest.m in Sources */,
				83CB0B9A1C118EE9006E71D9 /* AFURLResponseSerialization.m in Sources */,
				83B837CC1C0EE77C006DBCC4 /* ViewController.m in Sources */,
				83AD4CFA1C215560005784B0 /* MISCache.m in Sources */,
			);
			runOnlyForDeploymentPostprocessing = 0;
		};
/* End PBXSourcesBuildPhase section */

/* Begin PBXVariantGroup section */
		83B837BA1C0EE730006DBCC4 /* LaunchScreen.storyboard */ = {
			isa = PBXVariantGroup;
			children = (
				83B837BB1C0EE730006DBCC4 /* Base */,
			);
			name = LaunchScreen.storyboard;
			sourceTree = "<group>";
		};
		83B837BC1C0EE730006DBCC4 /* Main.storyboard */ = {
			isa = PBXVariantGroup;
			children = (
				83B837BD1C0EE730006DBCC4 /* Base */,
			);
			name = Main.storyboard;
			sourceTree = "<group>";
		};
/* End PBXVariantGroup section */

/* Begin XCBuildConfiguration section */
		83B837B31C0EE684006DBCC4 /* Debug */ = {
			isa = XCBuildConfiguration;
			buildSettings = {
				ALWAYS_SEARCH_USER_PATHS = NO;
				CLANG_CXX_LANGUAGE_STANDARD = "gnu++0x";
				CLANG_CXX_LIBRARY = "libc++";
				CLANG_ENABLE_MODULES = YES;
				CLANG_ENABLE_OBJC_ARC = YES;
				CLANG_WARN_BOOL_CONVERSION = YES;
				CLANG_WARN_CONSTANT_CONVERSION = YES;
				CLANG_WARN_DIRECT_OBJC_ISA_USAGE = YES_ERROR;
				CLANG_WARN_EMPTY_BODY = YES;
				CLANG_WARN_ENUM_CONVERSION = YES;
				CLANG_WARN_INT_CONVERSION = YES;
				CLANG_WARN_OBJC_ROOT_CLASS = YES_ERROR;
				CLANG_WARN_UNREACHABLE_CODE = YES;
				CLANG_WARN__DUPLICATE_METHOD_MATCH = YES;
				"CODE_SIGN_IDENTITY[sdk=iphoneos*]" = "iPhone Developer";
				COPY_PHASE_STRIP = NO;
				DEBUG_INFORMATION_FORMAT = dwarf;
				ENABLE_STRICT_OBJC_MSGSEND = YES;
				ENABLE_TESTABILITY = YES;
				GCC_C_LANGUAGE_STANDARD = gnu99;
				GCC_DYNAMIC_NO_PIC = NO;
				GCC_NO_COMMON_BLOCKS = YES;
				GCC_OPTIMIZATION_LEVEL = 0;
				GCC_PREPROCESSOR_DEFINITIONS = (
					"DEBUG=1",
					"$(inherited)",
				);
				GCC_WARN_64_TO_32_BIT_CONVERSION = YES;
				GCC_WARN_ABOUT_RETURN_TYPE = YES_ERROR;
				GCC_WARN_UNDECLARED_SELECTOR = YES;
				GCC_WARN_UNINITIALIZED_AUTOS = YES_AGGRESSIVE;
				GCC_WARN_UNUSED_FUNCTION = YES;
				GCC_WARN_UNUSED_VARIABLE = YES;
				IPHONEOS_DEPLOYMENT_TARGET = 9.1;
				MTL_ENABLE_DEBUG_INFO = YES;
				ONLY_ACTIVE_ARCH = YES;
				SDKROOT = iphoneos;
			};
			name = Debug;
		};
		83B837B41C0EE684006DBCC4 /* Release */ = {
			isa = XCBuildConfiguration;
			buildSettings = {
				ALWAYS_SEARCH_USER_PATHS = NO;
				CLANG_CXX_LANGUAGE_STANDARD = "gnu++0x";
				CLANG_CXX_LIBRARY = "libc++";
				CLANG_ENABLE_MODULES = YES;
				CLANG_ENABLE_OBJC_ARC = YES;
				CLANG_WARN_BOOL_CONVERSION = YES;
				CLANG_WARN_CONSTANT_CONVERSION = YES;
				CLANG_WARN_DIRECT_OBJC_ISA_USAGE = YES_ERROR;
				CLANG_WARN_EMPTY_BODY = YES;
				CLANG_WARN_ENUM_CONVERSION = YES;
				CLANG_WARN_INT_CONVERSION = YES;
				CLANG_WARN_OBJC_ROOT_CLASS = YES_ERROR;
				CLANG_WARN_UNREACHABLE_CODE = YES;
				CLANG_WARN__DUPLICATE_METHOD_MATCH = YES;
				"CODE_SIGN_IDENTITY[sdk=iphoneos*]" = "iPhone Developer";
				COPY_PHASE_STRIP = NO;
				DEBUG_INFORMATION_FORMAT = "dwarf-with-dsym";
				ENABLE_NS_ASSERTIONS = NO;
				ENABLE_STRICT_OBJC_MSGSEND = YES;
				GCC_C_LANGUAGE_STANDARD = gnu99;
				GCC_NO_COMMON_BLOCKS = YES;
				GCC_WARN_64_TO_32_BIT_CONVERSION = YES;
				GCC_WARN_ABOUT_RETURN_TYPE = YES_ERROR;
				GCC_WARN_UNDECLARED_SELECTOR = YES;
				GCC_WARN_UNINITIALIZED_AUTOS = YES_AGGRESSIVE;
				GCC_WARN_UNUSED_FUNCTION = YES;
				GCC_WARN_UNUSED_VARIABLE = YES;
				IPHONEOS_DEPLOYMENT_TARGET = 9.1;
				MTL_ENABLE_DEBUG_INFO = NO;
				SDKROOT = iphoneos;
				VALIDATE_PRODUCT = YES;
			};
			name = Release;
		};
		83B837B61C0EE684006DBCC4 /* Debug */ = {
			isa = XCBuildConfiguration;
			buildSettings = {
				ASSETCATALOG_COMPILER_APPICON_NAME = AppIcon;
				INFOPLIST_FILE = MISNetwork/Info.plist;
				LD_RUNPATH_SEARCH_PATHS = "$(inherited) @executable_path/Frameworks";
				PRODUCT_BUNDLE_IDENTIFIER = com.test.changmin.MISNetwork;
				PRODUCT_NAME = "$(TARGET_NAME)";
			};
			name = Debug;
		};
		83B837B71C0EE684006DBCC4 /* Release */ = {
			isa = XCBuildConfiguration;
			buildSettings = {
				ASSETCATALOG_COMPILER_APPICON_NAME = AppIcon;
				INFOPLIST_FILE = MISNetwork/Info.plist;
				LD_RUNPATH_SEARCH_PATHS = "$(inherited) @executable_path/Frameworks";
				PRODUCT_BUNDLE_IDENTIFIER = com.test.changmin.MISNetwork;
				PRODUCT_NAME = "$(TARGET_NAME)";
			};
			name = Release;
		};
/* End XCBuildConfiguration section */

/* Begin XCConfigurationList section */
		83B837991C0EE684006DBCC4 /* Build configuration list for PBXProject "MISNetwork" */ = {
			isa = XCConfigurationList;
			buildConfigurations = (
				83B837B31C0EE684006DBCC4 /* Debug */,
				83B837B41C0EE684006DBCC4 /* Release */,
			);
			defaultConfigurationIsVisible = 0;
			defaultConfigurationName = Release;
		};
		83B837B51C0EE684006DBCC4 /* Build configuration list for PBXNativeTarget "MISNetwork" */ = {
			isa = XCConfigurationList;
			buildConfigurations = (
				83B837B61C0EE684006DBCC4 /* Debug */,
				83B837B71C0EE684006DBCC4 /* Release */,
			);
			defaultConfigurationIsVisible = 0;
			defaultConfigurationName = Release;
		};
/* End XCConfigurationList section */
	};
	rootObject = 83B837961C0EE684006DBCC4 /* Project object */;
}
